
Microsoft Visual Studio Solution File, Format Version 12.00
# Visual Studio Version 17
VisualStudioVersion = 17.5.33530.505
MinimumVisualStudioVersion = 10.0.40219.1
Project("{FAE04EC0-301F-11D3-BF4B-00C04F79EFBC}") = "PasswordGenerator", "PasswordGenerator\PasswordGenerator.csproj", "{6069B6C1-A873-458E-9C94-6F066E41DB80}"
EndProject
Global
	GlobalSection(SolutionConfigurationPlatforms) = preSolution
		Debug|Any CPU = Debug|Any CPU
		Release|Any CPU = Release|Any CPU
	EndGlobalSection
	GlobalSection(ProjectConfigurationPlatforms) = postSolution
		{6069B6C1-A873-458E-9C94-6F066E41DB80}.Debug|Any CPU.ActiveCfg = Debug|Any CPU
		{6069B6C1-A873-458E-9C94-6F066E41DB80}.Debug|Any CPU.Build.0 = Debug|Any CPU
		{6069B6C1-A873-458E-9C94-6F066E41DB80}.Release|Any CPU.ActiveCfg = Release|Any CPU
		{6069B6C1-A873-458E-9C94-6F066E41DB80}.Release|Any CPU.Build.0 = Release|Any CPU
	EndGlobalSection
	GlobalSection(SolutionProperties) = preSolution
		HideSolutionNode = FALSE
	EndGlobalSection
	GlobalSection(ExtensibilityGlobals) = postSolution
		SolutionGuid = {1A47C1C1-6500-4110-AF65-1475C1A848BD}
	EndGlobalSection
EndGlobal
